
Microsoft Visual Studio Solution File, Format Version 12.00
# Visual Studio Version 16
VisualStudioVersion = 16.0.30804.86
MinimumVisualStudioVersion = 10.0.40219.1
Project("{FAE04EC0-301F-11D3-BF4B-00C04F79EFBC}") = "ByDrsStok", "ByDrsStok\ByDrsStok.csproj", "{A0768CF1-DA11-4784-8DE3-EB3B0D9F6E55}"
EndProject
Project("{54435603-DBB4-11D2-8724-00A0C9A8B90C}") = "StokTakipSetup", "StokTakipSetup\StokTakipSetup.vdproj", "{459A650D-0FA2-4995-A54D-2E6B15AC3E88}"
EndProject
Project("{54435603-DBB4-11D2-8724-00A0C9A8B90C}") = "StokTakipUpdate", "StokTakipUpdate\StokTakipUpdate.vdproj", "{BF2111B2-257D-4866-B968-12437B0BC4DE}"
EndProject
Project("{54435603-DBB4-11D2-8724-00A0C9A8B90C}") = "SetupByDrs", "SetupByDrs\SetupByDrs.vdproj", "{1D9D7FE7-1A6F-4C18-AF76-913763ADC49C}"
EndProject
Project("{54435603-DBB4-11D2-8724-00A0C9A8B90C}") = "ByDrsSetup24.02", "ByDrsSetup24.02\ByDrsSetup24.02.vdproj", "{E629B6DB-7D3C-4A78-83E1-45488A6B83F3}"
EndProject
Global
	GlobalSection(SolutionConfigurationPlatforms) = preSolution
		Debug|Any CPU = Debug|Any CPU
		Release|Any CPU = Release|Any CPU
	EndGlobalSection
	GlobalSection(ProjectConfigurationPlatforms) = postSolution
		{A0768CF1-DA11-4784-8DE3-EB3B0D9F6E55}.Debug|Any CPU.ActiveCfg = Debug|Any CPU
		{A0768CF1-DA11-4784-8DE3-EB3B0D9F6E55}.Debug|Any CPU.Build.0 = Debug|Any CPU
		{A0768CF1-DA11-4784-8DE3-EB3B0D9F6E55}.Release|Any CPU.ActiveCfg = Release|Any CPU
		{A0768CF1-DA11-4784-8DE3-EB3B0D9F6E55}.Release|Any CPU.Build.0 = Release|Any CPU
		{459A650D-0FA2-4995-A54D-2E6B15AC3E88}.Debug|Any CPU.ActiveCfg = Debug
		{459A650D-0FA2-4995-A54D-2E6B15AC3E88}.Release|Any CPU.ActiveCfg = Release
		{BF2111B2-257D-4866-B968-12437B0BC4DE}.Debug|Any CPU.ActiveCfg = Debug
		{BF2111B2-257D-4866-B968-12437B0BC4DE}.Release|Any CPU.ActiveCfg = Release
		{1D9D7FE7-1A6F-4C18-AF76-913763ADC49C}.Debug|Any CPU.ActiveCfg = Debug
		{1D9D7FE7-1A6F-4C18-AF76-913763ADC49C}.Release|Any CPU.ActiveCfg = Release
		{E629B6DB-7D3C-4A78-83E1-45488A6B83F3}.Debug|Any CPU.ActiveCfg = Debug
		{E629B6DB-7D3C-4A78-83E1-45488A6B83F3}.Release|Any CPU.ActiveCfg = Release
	EndGlobalSection
	GlobalSection(SolutionProperties) = preSolution
		HideSolutionNode = FALSE
	EndGlobalSection
	GlobalSection(ExtensibilityGlobals) = postSolution
		SolutionGuid = {C287C78D-532B-46D8-A57D-7A7E75620041}
	EndGlobalSection
	GlobalSection(SolutionConfigurationPlatforms) = preSolution
		Debug|Any CPU = Debug|Any CPU
		Release|Any CPU = Release|Any CPU
	EndGlobalSection
EndGlobal
